
Microsoft Visual Studio Solution File, Format Version 12.00
# Visual Studio Version 16
VisualStudioVersion = 16.0.31911.196
MinimumVisualStudioVersion = 10.0.40219.1
Project("{FAE04EC0-301F-11D3-BF4B-00C04F79EFBC}") = "Testing", "Testing\Testing.csproj", "{D45E4030-A245-46BB-93F6-9071503D910C}"
EndProject
Global
	GlobalSection(SolutionConfigurationPlatforms) = preSolution
		Debug|Any CPU = Debug|Any CPU
		Release|Any CPU = Release|Any CPU
	EndGlobalSection
	GlobalSection(ProjectConfigurationPlatforms) = postSolution
		{D45E4030-A245-46BB-93F6-9071503D910C}.Debug|Any CPU.ActiveCfg = Debug|Any CPU
		{D45E4030-A245-46BB-93F6-9071503D910C}.Debug|Any CPU.Build.0 = Debug|Any CPU
		{D45E4030-A245-46BB-93F6-9071503D910C}.Release|Any CPU.ActiveCfg = Release|Any CPU
		{D45E4030-A245-46BB-93F6-9071503D910C}.Release|Any CPU.Build.0 = Release|Any CPU
	EndGlobalSection
	GlobalSection(SolutionProperties) = preSolution
		HideSolutionNode = FALSE
	EndGlobalSection
	GlobalSection(ExtensibilityGlobals) = postSolution
		SolutionGuid = {2CE481FD-7CAB-4143-B39A-0B6F8D3D5FB7}
	EndGlobalSection
EndGlobal
